
Microsoft Visual Studio Solution File, Format Version 12.00
# Visual Studio Version 16
VisualStudioVersion = 16.0.30002.166
MinimumVisualStudioVersion = 10.0.40219.1
Project("{9A19103F-16F7-4668-BE54-9A1E7A4F7556}") = "CMS", "AdminLTE.MVC\CMS.csproj", "{7B5AE03D-47DB-43CA-B265-F192A666AFA2}"
EndProject
Global
	GlobalSection(SolutionConfigurationPlatforms) = preSolution
		Debug|Any CPU = Debug|Any CPU
		Release|Any CPU = Release|Any CPU
	EndGlobalSection
	GlobalSection(ProjectConfigurationPlatforms) = postSolution
		{7B5AE03D-47DB-43CA-B265-F192A666AFA2}.Debug|Any CPU.ActiveCfg = Debug|Any CPU
		{7B5AE03D-47DB-43CA-B265-F192A666AFA2}.Debug|Any CPU.Build.0 = Debug|Any CPU
		{7B5AE03D-47DB-43CA-B265-F192A666AFA2}.Release|Any CPU.ActiveCfg = Release|Any CPU
		{7B5AE03D-47DB-43CA-B265-F192A666AFA2}.Release|Any CPU.Build.0 = Release|Any CPU
	EndGlobalSection
	GlobalSection(SolutionProperties) = preSolution
		HideSolutionNode = FALSE
	EndGlobalSection
	GlobalSection(ExtensibilityGlobals) = postSolution
		SolutionGuid = {985E14CA-B56E-44BC-8CB2-88A2575BFA6C}
	EndGlobalSection
EndGlobal
